
Microsoft Visual Studio Solution File, Format Version 12.00
# Visual Studio Version 17
VisualStudioVersion = 17.10.35027.167
MinimumVisualStudioVersion = 10.0.40219.1
Project("{FAE04EC0-301F-11D3-BF4B-00C04F79EFBC}") = "AgroSolutions.AlertProcessor", "AgroSolutions.AlertProcessor\AgroSolutions.AlertProcessor.csproj", "{254B5BE0-B903-4759-A966-CCAB6D3FECFC}"
EndProject
Global
	GlobalSection(SolutionConfigurationPlatforms) = preSolution
		Debug|Any CPU = Debug|Any CPU
		Release|Any CPU = Release|Any CPU
	EndGlobalSection
	GlobalSection(ProjectConfigurationPlatforms) = postSolution
		{254B5BE0-B903-4759-A966-CCAB6D3FECFC}.Debug|Any CPU.ActiveCfg = Debug|Any CPU
		{254B5BE0-B903-4759-A966-CCAB6D3FECFC}.Debug|Any CPU.Build.0 = Debug|Any CPU
		{254B5BE0-B903-4759-A966-CCAB6D3FECFC}.Release|Any CPU.ActiveCfg = Release|Any CPU
		{254B5BE0-B903-4759-A966-CCAB6D3FECFC}.Release|Any CPU.Build.0 = Release|Any CPU
	EndGlobalSection
	GlobalSection(SolutionProperties) = preSolution
		HideSolutionNode = FALSE
	EndGlobalSection
	GlobalSection(ExtensibilityGlobals) = postSolution
		SolutionGuid = {6152239E-44F8-4590-9606-5EC8246DD2E4}
	EndGlobalSection
EndGlobal
